
Microsoft Visual Studio Solution File, Format Version 12.00
# Visual Studio Version 16
VisualStudioVersion = 16.0.31624.102
MinimumVisualStudioVersion = 10.0.40219.1
Project("{FAE04EC0-301F-11D3-BF4B-00C04F79EFBC}") = "FindingSubstring", "FindingSubstring\FindingSubstring.csproj", "{1DA05CAC-C13B-4B14-A480-2BCB3EA371EC}"
EndProject
Project("{FAE04EC0-301F-11D3-BF4B-00C04F79EFBC}") = "TestProject", "TestProject\TestProject.csproj", "{2858E1B2-0229-4A75-98F3-DD8581C35EBC}"
EndProject
Global
	GlobalSection(SolutionConfigurationPlatforms) = preSolution
		Debug|Any CPU = Debug|Any CPU
		Release|Any CPU = Release|Any CPU
	EndGlobalSection
	GlobalSection(ProjectConfigurationPlatforms) = postSolution
		{1DA05CAC-C13B-4B14-A480-2BCB3EA371EC}.Debug|Any CPU.ActiveCfg = Debug|Any CPU
		{1DA05CAC-C13B-4B14-A480-2BCB3EA371EC}.Debug|Any CPU.Build.0 = Debug|Any CPU
		{1DA05CAC-C13B-4B14-A480-2BCB3EA371EC}.Release|Any CPU.ActiveCfg = Release|Any CPU
		{1DA05CAC-C13B-4B14-A480-2BCB3EA371EC}.Release|Any CPU.Build.0 = Release|Any CPU
		{2858E1B2-0229-4A75-98F3-DD8581C35EBC}.Debug|Any CPU.ActiveCfg = Debug|Any CPU
		{2858E1B2-0229-4A75-98F3-DD8581C35EBC}.Debug|Any CPU.Build.0 = Debug|Any CPU
		{2858E1B2-0229-4A75-98F3-DD8581C35EBC}.Release|Any CPU.ActiveCfg = Release|Any CPU
		{2858E1B2-0229-4A75-98F3-DD8581C35EBC}.Release|Any CPU.Build.0 = Release|Any CPU
	EndGlobalSection
	GlobalSection(SolutionProperties) = preSolution
		HideSolutionNode = FALSE
	EndGlobalSection
	GlobalSection(ExtensibilityGlobals) = postSolution
		SolutionGuid = {0074C7B1-C5DE-496C-8C34-D9678227FE67}
	EndGlobalSection
EndGlobal
